
Microsoft Visual Studio Solution File, Format Version 12.00
# Visual Studio 14
VisualStudioVersion = 14.0.25420.1
MinimumVisualStudioVersion = 10.0.40219.1
Project("{8BC9CEB8-8B4A-11D0-8D11-00A0C91BC942}") = "ACNL-NTR-Cheats", "ACNL-NTR-Cheats.vcxproj", "{BEA98298-22A0-41B1-B613-32BDA098431B}"
EndProject
Global
	GlobalSection(SolutionConfigurationPlatforms) = preSolution
		Debug|ARM = Debug|ARM
		Debug|x64 = Debug|x64
		Debug|x86 = Debug|x86
		Release|ARM = Release|ARM
		Release|x64 = Release|x64
		Release|x86 = Release|x86
	EndGlobalSection
	GlobalSection(ProjectConfigurationPlatforms) = postSolution
		{BEA98298-22A0-41B1-B613-32BDA098431B}.Debug|ARM.ActiveCfg = Debug|ARM
		{BEA98298-22A0-41B1-B613-32BDA098431B}.Debug|ARM.Build.0 = Debug|ARM
		{BEA98298-22A0-41B1-B613-32BDA098431B}.Debug|x64.ActiveCfg = Debug|ARM
		{BEA98298-22A0-41B1-B613-32BDA098431B}.Debug|x86.ActiveCfg = Debug|ARM
		{BEA98298-22A0-41B1-B613-32BDA098431B}.Release|ARM.ActiveCfg = Release|ARM
		{BEA98298-22A0-41B1-B613-32BDA098431B}.Release|ARM.Build.0 = Release|ARM
		{BEA98298-22A0-41B1-B613-32BDA098431B}.Release|x64.ActiveCfg = Release|ARM
		{BEA98298-22A0-41B1-B613-32BDA098431B}.Release|x86.ActiveCfg = Release|ARM
	EndGlobalSection
	GlobalSection(SolutionProperties) = preSolution
		HideSolutionNode = FALSE
	EndGlobalSection
EndGlobal
